{
  "name": "sigma2_test",
  "version": "1.0.0",
  "lockfileVersion": 3,
  "requires": true,
  "packages": {
    "": {
      "name": "sigma2_test",
      "version": "1.0.0",
      "license": "ISC",
      "dependencies": {
        "graphology": "^0.25.1",
        "sigma": "latest"
      }
    },
    "node_modules/@yomguithereal/helpers": {
      "version": "1.1.1",
      "resolved": "https://registry.npmjs.org/@yomguithereal/helpers/-/helpers-1.1.1.tgz",
      "integrity": "sha512-UYvAq/XCA7xoh1juWDYsq3W0WywOB+pz8cgVnE1b45ZfdMhBvHDrgmSFG3jXeZSr2tMTYLGHFHON+ekG05Jebg=="
    },
    "node_modules/events": {
      "version": "3.3.0",
      "resolved": "https://registry.npmjs.org/events/-/events-3.3.0.tgz",
      "integrity": "sha512-mQw+2fkQbALzQ7V0MY0IqdnXNOeTtP4r0lN9z7AAawCXgqea7bDii20AYrIBrFd/Hx0M2Ocz6S111CaFkUcb0Q==",
      "engines": {
        "node": ">=0.8.x"
      }
    },
    "node_modules/graphology": {
      "version": "0.25.1",
      "resolved": "https://registry.npmjs.org/graphology/-/graphology-0.25.1.tgz",
      "integrity": "sha512-yYA7BJCcXN2DrKNQQ9Qf22zBHm/yTbyBR71T1MYBbGtywNHsv0QZtk8zaR6zxNcp2hCCZayUkHp9DyMSZCpoxQ==",
      "dependencies": {
        "events": "^3.3.0",
        "obliterator": "^2.0.2"
      },
      "peerDependencies": {
        "graphology-types": ">=0.24.0"
      }
    },
    "node_modules/graphology-indices": {
      "version": "0.13.4",
      "resolved": "https://registry.npmjs.org/graphology-indices/-/graphology-indices-0.13.4.tgz",
      "integrity": "sha512-AM1UraKJfibyVhJEQ7nmDBt/eKwOyorltwmFaLfO7SoWGR5tetJi+Gs/0SWRQ/MG4PD7yDf16LOt+6Pg/2xEnA==",
      "dependencies": {
        "graphology-utils": "^1.7.0",
        "mnemonist": "^0.38.0"
      },
      "peerDependencies": {
        "graphology-types": ">=0.20.0"
      }
    },
    "node_modules/graphology-metrics": {
      "version": "1.14.3",
      "resolved": "https://registry.npmjs.org/graphology-metrics/-/graphology-metrics-1.14.3.tgz",
      "integrity": "sha512-UVBB+nWrJLYLFb2s7oSwr67hgQ69VUD3LxMjgmnak03D9ynZP9Xltd9/DCuJ+lzq8h1neRLUi8seJN131KwOmA==",
      "dependencies": {
        "graphology-shortest-path": "^1.4.1",
        "graphology-utils": "^2.1.1",
        "lodash": "^4.17.21",
        "mnemonist": "^0.38.3"
      },
      "peerDependencies": {
        "graphology-types": ">=0.20.0"
      }
    },
    "node_modules/graphology-metrics/node_modules/graphology-utils": {
      "version": "2.1.2",
      "resolved": "https://registry.npmjs.org/graphology-utils/-/graphology-utils-2.1.2.tgz",
      "integrity": "sha512-/GI90k+7yhX6p6tm5Nsz+4Bv+d+Du1meqLk5vqrTku8KBMhegk8S/4yNmB8buMW/O7KObjiZVn4vEn40m9h+jA==",
      "peerDependencies": {
        "graphology-types": ">=0.20.0"
      }
    },
    "node_modules/graphology-shortest-path": {
      "version": "1.4.2",
      "resolved": "https://registry.npmjs.org/graphology-shortest-path/-/graphology-shortest-path-1.4.2.tgz",
      "integrity": "sha512-3m++qUBEb+vuq1ZYdgUN0q8XrUJsAcrhw8Cps6Gvmd8T+8wdn/eJa+Jgx9hokn9HXSPcgupWm2j9Q15w1uZxjQ==",
      "dependencies": {
        "@yomguithereal/helpers": "^1.1.1",
        "graphology-indices": "^0.13.3",
        "graphology-utils": "^2.0.0",
        "mnemonist": "^0.38.1"
      },
      "peerDependencies": {
        "graphology-types": ">=0.20.0"
      }
    },
    "node_modules/graphology-shortest-path/node_modules/graphology-utils": {
      "version": "2.1.2",
      "resolved": "https://registry.npmjs.org/graphology-utils/-/graphology-utils-2.1.2.tgz",
      "integrity": "sha512-/GI90k+7yhX6p6tm5Nsz+4Bv+d+Du1meqLk5vqrTku8KBMhegk8S/4yNmB8buMW/O7KObjiZVn4vEn40m9h+jA==",
      "peerDependencies": {
        "graphology-types": ">=0.20.0"
      }
    },
    "node_modules/graphology-types": {
      "version": "0.24.7",
      "resolved": "https://registry.npmjs.org/graphology-types/-/graphology-types-0.24.7.tgz",
      "integrity": "sha512-tdcqOOpwArNjEr0gNQKCXwaNCWnQJrog14nJNQPeemcLnXQUUGrsCWpWkVKt46zLjcS6/KGoayeJfHHyPDlvwA==",
      "peer": true
    },
    "node_modules/graphology-utils": {
      "version": "1.8.0",
      "resolved": "https://registry.npmjs.org/graphology-utils/-/graphology-utils-1.8.0.tgz",
      "integrity": "sha512-Pa7SW30OMm8fVtyH49b3GJ/uxlMHGfXly50wIhlcc7ZoX9ahZa7sPBz+obo4WZClrRV6wh3tIu0GJoI42eao1A==",
      "peerDependencies": {
        "graphology-types": ">=0.19.0"
      }
    },
    "node_modules/graphology/node_modules/obliterator": {
      "version": "2.0.4",
      "resolved": "https://registry.npmjs.org/obliterator/-/obliterator-2.0.4.tgz",
      "integrity": "sha512-lgHwxlxV1qIg1Eap7LgIeoBWIMFibOjbrYPIPJZcI1mmGAI2m3lNYpK12Y+GBdPQ0U1hRwSord7GIaawz962qQ=="
    },
    "node_modules/lodash": {
      "version": "4.17.21",
      "resolved": "https://registry.npmjs.org/lodash/-/lodash-4.17.21.tgz",
      "integrity": "sha512-v2kDEe57lecTulaDIuNTPy3Ry4gLGJ6Z1O3vE1krgXZNrsQ+LFTGHVxVjcXPs17LhbZVGedAJv8XZ1tvj5FvSg=="
    },
    "node_modules/mnemonist": {
      "version": "0.38.4",
      "resolved": "https://registry.npmjs.org/mnemonist/-/mnemonist-0.38.4.tgz",
      "integrity": "sha512-mflgW0gEWmVLbDDE2gJbOh3+RltTN7CgV9jV25qyCnyLN9FtoltWr7ZtAEDeD9u8W4oFAoolR6fBWieXdn3u8Q==",
      "dependencies": {
        "obliterator": "^1.6.1"
      }
    },
    "node_modules/obliterator": {
      "version": "1.6.1",
      "resolved": "https://registry.npmjs.org/obliterator/-/obliterator-1.6.1.tgz",
      "integrity": "sha512-9WXswnqINnnhOG/5SLimUlzuU1hFJUc8zkwyD59Sd+dPOMf05PmnYG/d6Q7HZ+KmgkZJa1PxRso6QdM3sTNHig=="
    },
    "node_modules/sigma": {
      "version": "2.0.0",
      "resolved": "https://registry.npmjs.org/sigma/-/sigma-2.0.0.tgz",
      "integrity": "sha512-aWnWj6RjiMeyovsQiQTR/N7B4Hn3fMIDBTJhlan312nJpn5sjCK7JfxcuGIKKHgF/ctObaE4jsHETtZLgdMsqQ==",
      "dependencies": {
        "@yomguithereal/helpers": "^1.1.1",
        "events": "^3.3.0",
        "graphology-metrics": "1.14.3",
        "graphology-utils": "^2.1.2"
      }
    },
    "node_modules/sigma/node_modules/graphology-utils": {
      "version": "2.1.2",
      "resolved": "https://registry.npmjs.org/graphology-utils/-/graphology-utils-2.1.2.tgz",
      "integrity": "sha512-/GI90k+7yhX6p6tm5Nsz+4Bv+d+Du1meqLk5vqrTku8KBMhegk8S/4yNmB8buMW/O7KObjiZVn4vEn40m9h+jA==",
      "peerDependencies": {
        "graphology-types": ">=0.20.0"
      }
    }
  }
}
